
Microsoft Visual Studio Solution File, Format Version 12.00
# Visual Studio 15
Project("{FAE04EC0-301F-11D3-BF4B-00C04F79EFBC}") = "Assembly-CSharp", "Assembly-CSharp.csproj", "{311559FC-9B7F-D825-FB82-B76AF7FB3FB0}"
EndProject
Project("{FAE04EC0-301F-11D3-BF4B-00C04F79EFBC}") = "Assembly-CSharp-Editor", "Assembly-CSharp-Editor.csproj", "{BD4FF7D0-1C52-58DC-3857-A3DE8CABFA99}"
EndProject
Global
	GlobalSection(SolutionConfigurationPlatforms) = preSolution
		Debug|Any CPU = Debug|Any CPU
		Release|Any CPU = Release|Any CPU
	EndGlobalSection
	GlobalSection(ProjectConfigurationPlatforms) = postSolution
		{311559FC-9B7F-D825-FB82-B76AF7FB3FB0}.Debug|Any CPU.ActiveCfg = Debug|Any CPU
		{311559FC-9B7F-D825-FB82-B76AF7FB3FB0}.Debug|Any CPU.Build.0 = Debug|Any CPU
		{311559FC-9B7F-D825-FB82-B76AF7FB3FB0}.Release|Any CPU.ActiveCfg = Release|Any CPU
		{311559FC-9B7F-D825-FB82-B76AF7FB3FB0}.Release|Any CPU.Build.0 = Release|Any CPU
		{BD4FF7D0-1C52-58DC-3857-A3DE8CABFA99}.Debug|Any CPU.ActiveCfg = Debug|Any CPU
		{BD4FF7D0-1C52-58DC-3857-A3DE8CABFA99}.Debug|Any CPU.Build.0 = Debug|Any CPU
		{BD4FF7D0-1C52-58DC-3857-A3DE8CABFA99}.Release|Any CPU.ActiveCfg = Release|Any CPU
		{BD4FF7D0-1C52-58DC-3857-A3DE8CABFA99}.Release|Any CPU.Build.0 = Release|Any CPU
	EndGlobalSection
	GlobalSection(SolutionProperties) = preSolution
		HideSolutionNode = FALSE
	EndGlobalSection
EndGlobal
